
Microsoft Visual Studio Solution File, Format Version 12.00
# Visual Studio Version 17
VisualStudioVersion = 17.13.35931.197
MinimumVisualStudioVersion = 10.0.40219.1
Project("{FAE04EC0-301F-11D3-BF4B-00C04F79EFBC}") = "BlazingQuiz.Web", "BlazingQuiz.Web\BlazingQuiz.Web.csproj", "{A01C75CE-F4E6-4C7A-80F5-338E0F2277FE}"
EndProject
Project("{FAE04EC0-301F-11D3-BF4B-00C04F79EFBC}") = "BlazingQuiz.Api", "BlazingQuiz.Api\BlazingQuiz.Api.csproj", "{699797AF-164A-41FE-AA09-5C22FD5C8B20}"
EndProject
Project("{FAE04EC0-301F-11D3-BF4B-00C04F79EFBC}") = "BlazingQuiz.Shared", "BlazingQuiz.Shared\BlazingQuiz.Shared.csproj", "{70B9F353-DBCF-485D-8CDB-71F75D160304}"
EndProject
Project("{FAE04EC0-301F-11D3-BF4B-00C04F79EFBC}") = "BlazingQuiz.Shared.Components", "BlazingQuiz.Shared.Components\BlazingQuiz.Shared.Components.csproj", "{74CC1D65-B02C-4114-A55C-1F5C8C89E8AB}"
EndProject
Project("{FAE04EC0-301F-11D3-BF4B-00C04F79EFBC}") = "BlazingQuiz.Mobile", "BlazingQuiz.Mobile\BlazingQuiz.Mobile.csproj", "{F57ECB42-411E-4CB4-8DB7-DBFE6F318F82}"
EndProject
Global
	GlobalSection(SolutionConfigurationPlatforms) = preSolution
		Debug|Any CPU = Debug|Any CPU
		Release|Any CPU = Release|Any CPU
	EndGlobalSection
	GlobalSection(ProjectConfigurationPlatforms) = postSolution
		{A01C75CE-F4E6-4C7A-80F5-338E0F2277FE}.Debug|Any CPU.ActiveCfg = Debug|Any CPU
		{A01C75CE-F4E6-4C7A-80F5-338E0F2277FE}.Debug|Any CPU.Build.0 = Debug|Any CPU
		{A01C75CE-F4E6-4C7A-80F5-338E0F2277FE}.Release|Any CPU.ActiveCfg = Release|Any CPU
		{A01C75CE-F4E6-4C7A-80F5-338E0F2277FE}.Release|Any CPU.Build.0 = Release|Any CPU
		{699797AF-164A-41FE-AA09-5C22FD5C8B20}.Debug|Any CPU.ActiveCfg = Debug|Any CPU
		{699797AF-164A-41FE-AA09-5C22FD5C8B20}.Debug|Any CPU.Build.0 = Debug|Any CPU
		{699797AF-164A-41FE-AA09-5C22FD5C8B20}.Release|Any CPU.ActiveCfg = Release|Any CPU
		{699797AF-164A-41FE-AA09-5C22FD5C8B20}.Release|Any CPU.Build.0 = Release|Any CPU
		{70B9F353-DBCF-485D-8CDB-71F75D160304}.Debug|Any CPU.ActiveCfg = Debug|Any CPU
		{70B9F353-DBCF-485D-8CDB-71F75D160304}.Debug|Any CPU.Build.0 = Debug|Any CPU
		{70B9F353-DBCF-485D-8CDB-71F75D160304}.Release|Any CPU.ActiveCfg = Release|Any CPU
		{70B9F353-DBCF-485D-8CDB-71F75D160304}.Release|Any CPU.Build.0 = Release|Any CPU
		{74CC1D65-B02C-4114-A55C-1F5C8C89E8AB}.Debug|Any CPU.ActiveCfg = Debug|Any CPU
		{74CC1D65-B02C-4114-A55C-1F5C8C89E8AB}.Debug|Any CPU.Build.0 = Debug|Any CPU
		{74CC1D65-B02C-4114-A55C-1F5C8C89E8AB}.Release|Any CPU.ActiveCfg = Release|Any CPU
		{74CC1D65-B02C-4114-A55C-1F5C8C89E8AB}.Release|Any CPU.Build.0 = Release|Any CPU
		{F57ECB42-411E-4CB4-8DB7-DBFE6F318F82}.Debug|Any CPU.ActiveCfg = Debug|Any CPU
		{F57ECB42-411E-4CB4-8DB7-DBFE6F318F82}.Debug|Any CPU.Build.0 = Debug|Any CPU
		{F57ECB42-411E-4CB4-8DB7-DBFE6F318F82}.Debug|Any CPU.Deploy.0 = Debug|Any CPU
		{F57ECB42-411E-4CB4-8DB7-DBFE6F318F82}.Release|Any CPU.ActiveCfg = Release|Any CPU
		{F57ECB42-411E-4CB4-8DB7-DBFE6F318F82}.Release|Any CPU.Build.0 = Release|Any CPU
		{F57ECB42-411E-4CB4-8DB7-DBFE6F318F82}.Release|Any CPU.Deploy.0 = Release|Any CPU
	EndGlobalSection
	GlobalSection(SolutionProperties) = preSolution
		HideSolutionNode = FALSE
	EndGlobalSection
	GlobalSection(ExtensibilityGlobals) = postSolution
		SolutionGuid = {2E9FF0EF-C0A9-4C87-B646-170B667BBDC3}
	EndGlobalSection
EndGlobal
